
Microsoft Visual Studio Solution File, Format Version 12.00
# Visual Studio Version 17
VisualStudioVersion = 17.4.33205.214
MinimumVisualStudioVersion = 10.0.40219.1
Project("{9A19103F-16F7-4668-BE54-9A1E7A4F7556}") = "SimpleFactoryExample1", "DesignPatternExample\SimpleFactoryExample1.csproj", "{8BA5A27C-69C2-42AB-AED7-CE25B92196EC}"
EndProject
Project("{9A19103F-16F7-4668-BE54-9A1E7A4F7556}") = "FactoryMethodExample1", "FactoryMethodExample1\FactoryMethodExample1.csproj", "{A80D8399-C63B-4519-9AF2-879665643BA8}"
EndProject
Project("{9A19103F-16F7-4668-BE54-9A1E7A4F7556}") = "AbstractFactoryExample1", "AbstractFactoryExample1\AbstractFactoryExample1.csproj", "{3135C721-6902-421B-A8BA-FFD379296C0A}"
EndProject
Project("{9A19103F-16F7-4668-BE54-9A1E7A4F7556}") = "SingletonExample1", "SingletonExample1\SingletonExample1.csproj", "{D7FA47B8-E98C-4C38-87DC-84CED6E31120}"
EndProject
Project("{9A19103F-16F7-4668-BE54-9A1E7A4F7556}") = "CommandExample1", "CommandExample1\CommandExample1.csproj", "{2CF14BCA-B7F4-485D-BBA6-2C5A6302AA8D}"
EndProject
Project("{9A19103F-16F7-4668-BE54-9A1E7A4F7556}") = "AdapterExample1", "AdapterExample1\AdapterExample1.csproj", "{A079BDF4-A00E-43DF-AEAC-2AE1DF2EBB20}"
EndProject
Project("{9A19103F-16F7-4668-BE54-9A1E7A4F7556}") = "FacadeExample1", "FacadeExample1\FacadeExample1.csproj", "{111531EC-9FFA-48FE-B6CA-D45E1BC7EF1D}"
EndProject
Project("{9A19103F-16F7-4668-BE54-9A1E7A4F7556}") = "FacadeDiagram", "FacadeDiagram\FacadeDiagram.csproj", "{E27B06F9-E53E-4636-A0BF-23BDC5B2BA45}"
EndProject
Project("{9A19103F-16F7-4668-BE54-9A1E7A4F7556}") = "TemplateMethodExample1", "TemplateMethodExample1\TemplateMethodExample1.csproj", "{EB990F8B-9530-4243-83B9-83D5D8AD29F1}"
EndProject
Project("{FAE04EC0-301F-11D3-BF4B-00C04F79EFBC}") = "IteratorExample1", "IteratorExample1\IteratorExample1.csproj", "{6797AC9E-F9DA-470D-BEC2-CC67D749A6F4}"
EndProject
Project("{FAE04EC0-301F-11D3-BF4B-00C04F79EFBC}") = "CompositeExample1", "CompositeExample1\CompositeExample1.csproj", "{96CBEE4A-C0FB-404D-A9B6-DEDD6AB480D6}"
EndProject
Project("{FAE04EC0-301F-11D3-BF4B-00C04F79EFBC}") = "StateExample1", "StateExample1\StateExample1.csproj", "{65C2D873-462D-472B-87E0-2210F8BAB95D}"
EndProject
Project("{FAE04EC0-301F-11D3-BF4B-00C04F79EFBC}") = "ProxyExample1", "ProxyExample1\ProxyExample1.csproj", "{471AD116-88C6-4D5F-ABC6-1D165EB93C0F}"
EndProject
Global
	GlobalSection(SolutionConfigurationPlatforms) = preSolution
		Debug|Any CPU = Debug|Any CPU
		Release|Any CPU = Release|Any CPU
	EndGlobalSection
	GlobalSection(ProjectConfigurationPlatforms) = postSolution
		{8BA5A27C-69C2-42AB-AED7-CE25B92196EC}.Debug|Any CPU.ActiveCfg = Debug|Any CPU
		{8BA5A27C-69C2-42AB-AED7-CE25B92196EC}.Debug|Any CPU.Build.0 = Debug|Any CPU
		{8BA5A27C-69C2-42AB-AED7-CE25B92196EC}.Release|Any CPU.ActiveCfg = Release|Any CPU
		{8BA5A27C-69C2-42AB-AED7-CE25B92196EC}.Release|Any CPU.Build.0 = Release|Any CPU
		{A80D8399-C63B-4519-9AF2-879665643BA8}.Debug|Any CPU.ActiveCfg = Debug|Any CPU
		{A80D8399-C63B-4519-9AF2-879665643BA8}.Debug|Any CPU.Build.0 = Debug|Any CPU
		{A80D8399-C63B-4519-9AF2-879665643BA8}.Release|Any CPU.ActiveCfg = Release|Any CPU
		{A80D8399-C63B-4519-9AF2-879665643BA8}.Release|Any CPU.Build.0 = Release|Any CPU
		{3135C721-6902-421B-A8BA-FFD379296C0A}.Debug|Any CPU.ActiveCfg = Debug|Any CPU
		{3135C721-6902-421B-A8BA-FFD379296C0A}.Debug|Any CPU.Build.0 = Debug|Any CPU
		{3135C721-6902-421B-A8BA-FFD379296C0A}.Release|Any CPU.ActiveCfg = Release|Any CPU
		{3135C721-6902-421B-A8BA-FFD379296C0A}.Release|Any CPU.Build.0 = Release|Any CPU
		{D7FA47B8-E98C-4C38-87DC-84CED6E31120}.Debug|Any CPU.ActiveCfg = Debug|Any CPU
		{D7FA47B8-E98C-4C38-87DC-84CED6E31120}.Debug|Any CPU.Build.0 = Debug|Any CPU
		{D7FA47B8-E98C-4C38-87DC-84CED6E31120}.Release|Any CPU.ActiveCfg = Release|Any CPU
		{D7FA47B8-E98C-4C38-87DC-84CED6E31120}.Release|Any CPU.Build.0 = Release|Any CPU
		{2CF14BCA-B7F4-485D-BBA6-2C5A6302AA8D}.Debug|Any CPU.ActiveCfg = Debug|Any CPU
		{2CF14BCA-B7F4-485D-BBA6-2C5A6302AA8D}.Debug|Any CPU.Build.0 = Debug|Any CPU
		{2CF14BCA-B7F4-485D-BBA6-2C5A6302AA8D}.Release|Any CPU.ActiveCfg = Release|Any CPU
		{2CF14BCA-B7F4-485D-BBA6-2C5A6302AA8D}.Release|Any CPU.Build.0 = Release|Any CPU
		{A079BDF4-A00E-43DF-AEAC-2AE1DF2EBB20}.Debug|Any CPU.ActiveCfg = Debug|Any CPU
		{A079BDF4-A00E-43DF-AEAC-2AE1DF2EBB20}.Debug|Any CPU.Build.0 = Debug|Any CPU
		{A079BDF4-A00E-43DF-AEAC-2AE1DF2EBB20}.Release|Any CPU.ActiveCfg = Release|Any CPU
		{A079BDF4-A00E-43DF-AEAC-2AE1DF2EBB20}.Release|Any CPU.Build.0 = Release|Any CPU
		{111531EC-9FFA-48FE-B6CA-D45E1BC7EF1D}.Debug|Any CPU.ActiveCfg = Debug|Any CPU
		{111531EC-9FFA-48FE-B6CA-D45E1BC7EF1D}.Debug|Any CPU.Build.0 = Debug|Any CPU
		{111531EC-9FFA-48FE-B6CA-D45E1BC7EF1D}.Release|Any CPU.ActiveCfg = Release|Any CPU
		{111531EC-9FFA-48FE-B6CA-D45E1BC7EF1D}.Release|Any CPU.Build.0 = Release|Any CPU
		{E27B06F9-E53E-4636-A0BF-23BDC5B2BA45}.Debug|Any CPU.ActiveCfg = Debug|Any CPU
		{E27B06F9-E53E-4636-A0BF-23BDC5B2BA45}.Debug|Any CPU.Build.0 = Debug|Any CPU
		{E27B06F9-E53E-4636-A0BF-23BDC5B2BA45}.Release|Any CPU.ActiveCfg = Release|Any CPU
		{E27B06F9-E53E-4636-A0BF-23BDC5B2BA45}.Release|Any CPU.Build.0 = Release|Any CPU
		{EB990F8B-9530-4243-83B9-83D5D8AD29F1}.Debug|Any CPU.ActiveCfg = Debug|Any CPU
		{EB990F8B-9530-4243-83B9-83D5D8AD29F1}.Debug|Any CPU.Build.0 = Debug|Any CPU
		{EB990F8B-9530-4243-83B9-83D5D8AD29F1}.Release|Any CPU.ActiveCfg = Release|Any CPU
		{EB990F8B-9530-4243-83B9-83D5D8AD29F1}.Release|Any CPU.Build.0 = Release|Any CPU
		{6797AC9E-F9DA-470D-BEC2-CC67D749A6F4}.Debug|Any CPU.ActiveCfg = Debug|Any CPU
		{6797AC9E-F9DA-470D-BEC2-CC67D749A6F4}.Debug|Any CPU.Build.0 = Debug|Any CPU
		{6797AC9E-F9DA-470D-BEC2-CC67D749A6F4}.Release|Any CPU.ActiveCfg = Release|Any CPU
		{6797AC9E-F9DA-470D-BEC2-CC67D749A6F4}.Release|Any CPU.Build.0 = Release|Any CPU
		{96CBEE4A-C0FB-404D-A9B6-DEDD6AB480D6}.Debug|Any CPU.ActiveCfg = Debug|Any CPU
		{96CBEE4A-C0FB-404D-A9B6-DEDD6AB480D6}.Debug|Any CPU.Build.0 = Debug|Any CPU
		{96CBEE4A-C0FB-404D-A9B6-DEDD6AB480D6}.Release|Any CPU.ActiveCfg = Release|Any CPU
		{96CBEE4A-C0FB-404D-A9B6-DEDD6AB480D6}.Release|Any CPU.Build.0 = Release|Any CPU
		{65C2D873-462D-472B-87E0-2210F8BAB95D}.Debug|Any CPU.ActiveCfg = Debug|Any CPU
		{65C2D873-462D-472B-87E0-2210F8BAB95D}.Debug|Any CPU.Build.0 = Debug|Any CPU
		{65C2D873-462D-472B-87E0-2210F8BAB95D}.Release|Any CPU.ActiveCfg = Release|Any CPU
		{65C2D873-462D-472B-87E0-2210F8BAB95D}.Release|Any CPU.Build.0 = Release|Any CPU
		{471AD116-88C6-4D5F-ABC6-1D165EB93C0F}.Debug|Any CPU.ActiveCfg = Debug|Any CPU
		{471AD116-88C6-4D5F-ABC6-1D165EB93C0F}.Debug|Any CPU.Build.0 = Debug|Any CPU
		{471AD116-88C6-4D5F-ABC6-1D165EB93C0F}.Release|Any CPU.ActiveCfg = Release|Any CPU
		{471AD116-88C6-4D5F-ABC6-1D165EB93C0F}.Release|Any CPU.Build.0 = Release|Any CPU
	EndGlobalSection
	GlobalSection(SolutionProperties) = preSolution
		HideSolutionNode = FALSE
	EndGlobalSection
	GlobalSection(ExtensibilityGlobals) = postSolution
		SolutionGuid = {E065A8EA-4E8B-4826-A7EB-43383E6D37DC}
	EndGlobalSection
EndGlobal
